
Microsoft Visual Studio Solution File, Format Version 12.00
# Visual Studio Version 16
VisualStudioVersion = 16.0.31911.196
MinimumVisualStudioVersion = 10.0.40219.1
Project("{9A19103F-16F7-4668-BE54-9A1E7A4F7556}") = "SimCorpTestApp", "SimCorpTestApp\SimCorpTestApp.csproj", "{6A6F531D-C4CE-4793-8059-251EF95796D2}"
EndProject
Project("{FAE04EC0-301F-11D3-BF4B-00C04F79EFBC}") = "ProfitCalculationTests", "ProfitCalculationTests\ProfitCalculationTests.csproj", "{4CC51692-1696-4CFB-A18F-0CA87F3C5BEC}"
EndProject
Global
	GlobalSection(SolutionConfigurationPlatforms) = preSolution
		Debug|Any CPU = Debug|Any CPU
		Release|Any CPU = Release|Any CPU
	EndGlobalSection
	GlobalSection(ProjectConfigurationPlatforms) = postSolution
		{6A6F531D-C4CE-4793-8059-251EF95796D2}.Debug|Any CPU.ActiveCfg = Debug|Any CPU
		{6A6F531D-C4CE-4793-8059-251EF95796D2}.Debug|Any CPU.Build.0 = Debug|Any CPU
		{6A6F531D-C4CE-4793-8059-251EF95796D2}.Release|Any CPU.ActiveCfg = Release|Any CPU
		{6A6F531D-C4CE-4793-8059-251EF95796D2}.Release|Any CPU.Build.0 = Release|Any CPU
		{4CC51692-1696-4CFB-A18F-0CA87F3C5BEC}.Debug|Any CPU.ActiveCfg = Debug|Any CPU
		{4CC51692-1696-4CFB-A18F-0CA87F3C5BEC}.Debug|Any CPU.Build.0 = Debug|Any CPU
		{4CC51692-1696-4CFB-A18F-0CA87F3C5BEC}.Release|Any CPU.ActiveCfg = Release|Any CPU
		{4CC51692-1696-4CFB-A18F-0CA87F3C5BEC}.Release|Any CPU.Build.0 = Release|Any CPU
	EndGlobalSection
	GlobalSection(SolutionProperties) = preSolution
		HideSolutionNode = FALSE
	EndGlobalSection
	GlobalSection(ExtensibilityGlobals) = postSolution
		SolutionGuid = {4B36C8B6-5A44-4BF1-99AA-1787DF0748B1}
	EndGlobalSection
EndGlobal
